
Microsoft Visual Studio Solution File, Format Version 12.00
# Visual Studio Version 16
VisualStudioVersion = 16.0.29306.81
MinimumVisualStudioVersion = 10.0.40219.1
Project("{FAE04EC0-301F-11D3-BF4B-00C04F79EFBC}") = "Diagnostic", "Diagnostic\Diagnostic.csproj", "{207128AB-C073-4E89-986D-B69C39FA3FBB}"
EndProject
Project("{FAE04EC0-301F-11D3-BF4B-00C04F79EFBC}") = "DiagnosticTest", "DiagnosticTest\DiagnosticTest.csproj", "{C280CCD1-CECB-494F-B9B9-26403999BD81}"
EndProject
Project("{FAE04EC0-301F-11D3-BF4B-00C04F79EFBC}") = "DiagnosticConsole", "DiagnosticConsole\DiagnosticConsole.csproj", "{9022F337-59B6-4F95-BCC7-8C6FD07AF044}"
EndProject
Global
	GlobalSection(SolutionConfigurationPlatforms) = preSolution
		Debug|Any CPU = Debug|Any CPU
		Release|Any CPU = Release|Any CPU
	EndGlobalSection
	GlobalSection(ProjectConfigurationPlatforms) = postSolution
		{207128AB-C073-4E89-986D-B69C39FA3FBB}.Debug|Any CPU.ActiveCfg = Debug|Any CPU
		{207128AB-C073-4E89-986D-B69C39FA3FBB}.Debug|Any CPU.Build.0 = Debug|Any CPU
		{207128AB-C073-4E89-986D-B69C39FA3FBB}.Release|Any CPU.ActiveCfg = Release|Any CPU
		{207128AB-C073-4E89-986D-B69C39FA3FBB}.Release|Any CPU.Build.0 = Release|Any CPU
		{C280CCD1-CECB-494F-B9B9-26403999BD81}.Debug|Any CPU.ActiveCfg = Debug|Any CPU
		{C280CCD1-CECB-494F-B9B9-26403999BD81}.Debug|Any CPU.Build.0 = Debug|Any CPU
		{C280CCD1-CECB-494F-B9B9-26403999BD81}.Release|Any CPU.ActiveCfg = Release|Any CPU
		{C280CCD1-CECB-494F-B9B9-26403999BD81}.Release|Any CPU.Build.0 = Release|Any CPU
		{9022F337-59B6-4F95-BCC7-8C6FD07AF044}.Debug|Any CPU.ActiveCfg = Debug|Any CPU
		{9022F337-59B6-4F95-BCC7-8C6FD07AF044}.Debug|Any CPU.Build.0 = Debug|Any CPU
		{9022F337-59B6-4F95-BCC7-8C6FD07AF044}.Release|Any CPU.ActiveCfg = Release|Any CPU
		{9022F337-59B6-4F95-BCC7-8C6FD07AF044}.Release|Any CPU.Build.0 = Release|Any CPU
	EndGlobalSection
	GlobalSection(SolutionProperties) = preSolution
		HideSolutionNode = FALSE
	EndGlobalSection
	GlobalSection(ExtensibilityGlobals) = postSolution
		SolutionGuid = {CD0B6ED4-1E9A-4589-B82A-44918A336220}
	EndGlobalSection
EndGlobal
